
Microsoft Visual Studio Solution File, Format Version 12.00
# Visual Studio Version 18
VisualStudioVersion = 18.3.11312.210
MinimumVisualStudioVersion = 10.0.40219.1
Project("{FAE04EC0-301F-11D3-BF4B-00C04F79EFBC}") = "Package", "Package\Package.csproj", "{D0CD4093-1984-4FEF-861D-EFBFDC953C3C}"
EndProject
Project("{FAE04EC0-301F-11D3-BF4B-00C04F79EFBC}") = "SLC-AS-GetViews", "SLC-AS-GetViews\SLC-AS-GetViews.csproj", "{83BDDFC8-0D15-417B-BFA6-A6959A681552}"
EndProject
Project("{2150E333-8FDC-42A3-9474-1A3956D46DE8}") = "Internal", "Internal", "{518D0C70-00DA-4C0E-B1C0-1D2AAD915279}"
EndProject
Project("{2150E333-8FDC-42A3-9474-1A3956D46DE8}") = "Code Analysis", "Code Analysis", "{101607F6-D934-421B-8167-82E337D8A2D9}"
	ProjectSection(SolutionItems) = preProject
		Internal\Code Analysis\qaction-debug.ruleset = Internal\Code Analysis\qaction-debug.ruleset
		Internal\Code Analysis\qaction-release.ruleset = Internal\Code Analysis\qaction-release.ruleset
		Internal\Code Analysis\stylecop.json = Internal\Code Analysis\stylecop.json
	EndProjectSection
EndProject
Project("{2150E333-8FDC-42A3-9474-1A3956D46DE8}") = "Solution Items", "Solution Items", "{3D1EF418-039B-4908-A4C9-9FC07B21070A}"
	ProjectSection(SolutionItems) = preProject
		README.md = README.md
	EndProjectSection
EndProject
Global
	GlobalSection(SolutionConfigurationPlatforms) = preSolution
		Debug|Any CPU = Debug|Any CPU
		Debug|x64 = Debug|x64
		Debug|x86 = Debug|x86
		Release|Any CPU = Release|Any CPU
		Release|x64 = Release|x64
		Release|x86 = Release|x86
	EndGlobalSection
	GlobalSection(ProjectConfigurationPlatforms) = postSolution
		{D0CD4093-1984-4FEF-861D-EFBFDC953C3C}.Debug|Any CPU.ActiveCfg = Debug|Any CPU
		{D0CD4093-1984-4FEF-861D-EFBFDC953C3C}.Debug|Any CPU.Build.0 = Debug|Any CPU
		{D0CD4093-1984-4FEF-861D-EFBFDC953C3C}.Debug|x64.ActiveCfg = Debug|Any CPU
		{D0CD4093-1984-4FEF-861D-EFBFDC953C3C}.Debug|x64.Build.0 = Debug|Any CPU
		{D0CD4093-1984-4FEF-861D-EFBFDC953C3C}.Debug|x86.ActiveCfg = Debug|Any CPU
		{D0CD4093-1984-4FEF-861D-EFBFDC953C3C}.Debug|x86.Build.0 = Debug|Any CPU
		{D0CD4093-1984-4FEF-861D-EFBFDC953C3C}.Release|Any CPU.ActiveCfg = Release|Any CPU
		{D0CD4093-1984-4FEF-861D-EFBFDC953C3C}.Release|Any CPU.Build.0 = Release|Any CPU
		{D0CD4093-1984-4FEF-861D-EFBFDC953C3C}.Release|x64.ActiveCfg = Release|Any CPU
		{D0CD4093-1984-4FEF-861D-EFBFDC953C3C}.Release|x64.Build.0 = Release|Any CPU
		{D0CD4093-1984-4FEF-861D-EFBFDC953C3C}.Release|x86.ActiveCfg = Release|Any CPU
		{D0CD4093-1984-4FEF-861D-EFBFDC953C3C}.Release|x86.Build.0 = Release|Any CPU
		{83BDDFC8-0D15-417B-BFA6-A6959A681552}.Debug|Any CPU.ActiveCfg = Debug|Any CPU
		{83BDDFC8-0D15-417B-BFA6-A6959A681552}.Debug|Any CPU.Build.0 = Debug|Any CPU
		{83BDDFC8-0D15-417B-BFA6-A6959A681552}.Debug|x64.ActiveCfg = Debug|Any CPU
		{83BDDFC8-0D15-417B-BFA6-A6959A681552}.Debug|x64.Build.0 = Debug|Any CPU
		{83BDDFC8-0D15-417B-BFA6-A6959A681552}.Debug|x86.ActiveCfg = Debug|Any CPU
		{83BDDFC8-0D15-417B-BFA6-A6959A681552}.Debug|x86.Build.0 = Debug|Any CPU
		{83BDDFC8-0D15-417B-BFA6-A6959A681552}.Release|Any CPU.ActiveCfg = Release|Any CPU
		{83BDDFC8-0D15-417B-BFA6-A6959A681552}.Release|Any CPU.Build.0 = Release|Any CPU
		{83BDDFC8-0D15-417B-BFA6-A6959A681552}.Release|x64.ActiveCfg = Release|Any CPU
		{83BDDFC8-0D15-417B-BFA6-A6959A681552}.Release|x64.Build.0 = Release|Any CPU
		{83BDDFC8-0D15-417B-BFA6-A6959A681552}.Release|x86.ActiveCfg = Release|Any CPU
		{83BDDFC8-0D15-417B-BFA6-A6959A681552}.Release|x86.Build.0 = Release|Any CPU
	EndGlobalSection
	GlobalSection(SolutionProperties) = preSolution
		HideSolutionNode = FALSE
	EndGlobalSection
	GlobalSection(NestedProjects) = preSolution
		{101607F6-D934-421B-8167-82E337D8A2D9} = {518D0C70-00DA-4C0E-B1C0-1D2AAD915279}
	EndGlobalSection
	GlobalSection(ExtensibilityGlobals) = postSolution
		SolutionGuid = {AA99FA3C-7DB9-458A-BA4B-7AC6D4870FEA}
	EndGlobalSection
EndGlobal
